// !$*UTF8*$!
{
	archiveVersion = 1;
	classes = {
	};
	objectVersion = 46;
	objects = {

/* Begin PBXBuildFile section */
		2438F33B1E8805DA004B632A /* ViewControllerExtension.swift in Sources */ = {isa = PBXBuildFile; fileRef = 2438F33A1E8805DA004B632A /* ViewControllerExtension.swift */; };
		2438F33F1E8806B8004B632A /* TabBarViewController.swift in Sources */ = {isa = PBXBuildFile; fileRef = 2438F33E1E8806B8004B632A /* TabBarViewController.swift */; };
		2438F3411E8806CB004B632A /* TabBar.storyboard in Resources */ = {isa = PBXBuildFile; fileRef = 2438F3401E8806CB004B632A /* TabBar.storyboard */; };
		2438F3431E8807B6004B632A /* ContactsNavigationController.swift in Sources */ = {isa = PBXBuildFile; fileRef = 2438F3421E8807B6004B632A /* ContactsNavigationController.swift */; };
		2438F3451E8807EF004B632A /* BookmarksViewController.swift in Sources */ = {isa = PBXBuildFile; fileRef = 2438F3441E8807EF004B632A /* BookmarksViewController.swift */; };
		2438F3471E880814004B632A /* FavoritesViewController.swift in Sources */ = {isa = PBXBuildFile; fileRef = 2438F3461E880814004B632A /* FavoritesViewController.swift */; };
		2438F34B1E880AD0004B632A /* SearchTableViewController.swift in Sources */ = {isa = PBXBuildFile; fileRef = 2438F34A1E880AD0004B632A /* SearchTableViewController.swift */; };
		2438F34D1E882420004B632A /* ContactsTableViewController.swift in Sources */ = {isa = PBXBuildFile; fileRef = 2438F34C1E882420004B632A /* ContactsTableViewController.swift */; };
		2438F34F1E8825FD004B632A /* SlideMenuView.swift in Sources */ = {isa = PBXBuildFile; fileRef = 2438F34E1E8825FD004B632A /* SlideMenuView.swift */; };
		2438F3511E88260D004B632A /* SlideMenuView.xib in Resources */ = {isa = PBXBuildFile; fileRef = 2438F3501E88260D004B632A /* SlideMenuView.xib */; };
		2438F3531E882651004B632A /* SlideMenuCell.swift in Sources */ = {isa = PBXBuildFile; fileRef = 2438F3521E882651004B632A /* SlideMenuCell.swift */; };
		2438F3591E882978004B632A /* SlideMenu.storyboard in Resources */ = {isa = PBXBuildFile; fileRef = 2438F3581E882978004B632A /* SlideMenu.storyboard */; };
		2438F35F1E882C4F004B632A /* MemberViewController.swift in Sources */ = {isa = PBXBuildFile; fileRef = 2438F35E1E882C4F004B632A /* MemberViewController.swift */; };
		2438F3611E882C63004B632A /* RegistrationViewController.swift in Sources */ = {isa = PBXBuildFile; fileRef = 2438F3601E882C63004B632A /* RegistrationViewController.swift */; };
		24769F3B1E86C8C7002A7A54 /* AppDelegate.swift in Sources */ = {isa = PBXBuildFile; fileRef = 24769F3A1E86C8C7002A7A54 /* AppDelegate.swift */; };
		24769F3D1E86C8C7002A7A54 /* LoginViewController.swift in Sources */ = {isa = PBXBuildFile; fileRef = 24769F3C1E86C8C7002A7A54 /* LoginViewController.swift */; };
		24769F401E86C8C7002A7A54 /* Main.storyboard in Resources */ = {isa = PBXBuildFile; fileRef = 24769F3E1E86C8C7002A7A54 /* Main.storyboard */; };
		24769F421E86C8C7002A7A54 /* Assets.xcassets in Resources */ = {isa = PBXBuildFile; fileRef = 24769F411E86C8C7002A7A54 /* Assets.xcassets */; };
		24769F451E86C8C7002A7A54 /* LaunchScreen.storyboard in Resources */ = {isa = PBXBuildFile; fileRef = 24769F431E86C8C7002A7A54 /* LaunchScreen.storyboard */; };
		24769F4F1E86C9E0002A7A54 /* Alamofire.framework in Frameworks */ = {isa = PBXBuildFile; fileRef = 24769F4D1E86C9E0002A7A54 /* Alamofire.framework */; };
		24769F501E86C9E0002A7A54 /* SwiftyJSON.framework in Frameworks */ = {isa = PBXBuildFile; fileRef = 24769F4E1E86C9E0002A7A54 /* SwiftyJSON.framework */; };
		24AEE42D1E8A48AA00AB03D9 /* TokenManager.swift in Sources */ = {isa = PBXBuildFile; fileRef = 24AEE42C1E8A48AA00AB03D9 /* TokenManager.swift */; };
		24B2E52C1E8983960060EC82 /* KeychainAccess.framework in Frameworks */ = {isa = PBXBuildFile; fileRef = 24B2E52B1E8983960060EC82 /* KeychainAccess.framework */; };
		24B2E52F1E8986B10060EC82 /* Service.swift in Sources */ = {isa = PBXBuildFile; fileRef = 24B2E52E1E8986B10060EC82 /* Service.swift */; };
		24B2E5341E899E910060EC82 /* Model.swift in Sources */ = {isa = PBXBuildFile; fileRef = 24B2E5331E899E910060EC82 /* Model.swift */; };
/* End PBXBuildFile section */

/* Begin PBXFileReference section */
		2438F33A1E8805DA004B632A /* ViewControllerExtension.swift */ = {isa = PBXFileReference; fileEncoding = 4; lastKnownFileType = sourcecode.swift; path = ViewControllerExtension.swift; sourceTree = "<group>"; };
		2438F33E1E8806B8004B632A /* TabBarViewController.swift */ = {isa = PBXFileReference; fileEncoding = 4; lastKnownFileType = sourcecode.swift; path = TabBarViewController.swift; sourceTree = "<group>"; };
		2438F3401E8806CB004B632A /* TabBar.storyboard */ = {isa = PBXFileReference; fileEncoding = 4; lastKnownFileType = file.storyboard; path = TabBar.storyboard; sourceTree = "<group>"; };
		2438F3421E8807B6004B632A /* ContactsNavigationController.swift */ = {isa = PBXFileReference; fileEncoding = 4; lastKnownFileType = sourcecode.swift; path = ContactsNavigationController.swift; sourceTree = "<group>"; };
		2438F3441E8807EF004B632A /* BookmarksViewController.swift */ = {isa = PBXFileReference; fileEncoding = 4; lastKnownFileType = sourcecode.swift; path = BookmarksViewController.swift; sourceTree = "<group>"; };
		2438F3461E880814004B632A /* FavoritesViewController.swift */ = {isa = PBXFileReference; fileEncoding = 4; lastKnownFileType = sourcecode.swift; path = FavoritesViewController.swift; sourceTree = "<group>"; };
		2438F34A1E880AD0004B632A /* SearchTableViewController.swift */ = {isa = PBXFileReference; fileEncoding = 4; lastKnownFileType = sourcecode.swift; path = SearchTableViewController.swift; sourceTree = "<group>"; };
		2438F34C1E882420004B632A /* ContactsTableViewController.swift */ = {isa = PBXFileReference; fileEncoding = 4; lastKnownFileType = sourcecode.swift; path = ContactsTableViewController.swift; sourceTree = "<group>"; };
		2438F34E1E8825FD004B632A /* SlideMenuView.swift */ = {isa = PBXFileReference; fileEncoding = 4; lastKnownFileType = sourcecode.swift; path = SlideMenuView.swift; sourceTree = "<group>"; };
		2438F3501E88260D004B632A /* SlideMenuView.xib */ = {isa = PBXFileReference; fileEncoding = 4; lastKnownFileType = file.xib; path = SlideMenuView.xib; sourceTree = "<group>"; };
		2438F3521E882651004B632A /* SlideMenuCell.swift */ = {isa = PBXFileReference; fileEncoding = 4; lastKnownFileType = sourcecode.swift; path = SlideMenuCell.swift; sourceTree = "<group>"; };
		2438F3581E882978004B632A /* SlideMenu.storyboard */ = {isa = PBXFileReference; fileEncoding = 4; lastKnownFileType = file.storyboard; path = SlideMenu.storyboard; sourceTree = "<group>"; };
		2438F35E1E882C4F004B632A /* MemberViewController.swift */ = {isa = PBXFileReference; fileEncoding = 4; lastKnownFileType = sourcecode.swift; path = MemberViewController.swift; sourceTree = "<group>"; };
		2438F3601E882C63004B632A /* RegistrationViewController.swift */ = {isa = PBXFileReference; fileEncoding = 4; lastKnownFileType = sourcecode.swift; path = RegistrationViewController.swift; sourceTree = "<group>"; };
		24769F371E86C8C7002A7A54 /* RestfulAPI-Example.app */ = {isa = PBXFileReference; explicitFileType = wrapper.application; includeInIndex = 0; path = "RestfulAPI-Example.app"; sourceTree = BUILT_PRODUCTS_DIR; };
		24769F3A1E86C8C7002A7A54 /* AppDelegate.swift */ = {isa = PBXFileReference; lastKnownFileType = sourcecode.swift; path = AppDelegate.swift; sourceTree = "<group>"; };
		24769F3C1E86C8C7002A7A54 /* LoginViewController.swift */ = {isa = PBXFileReference; lastKnownFileType = sourcecode.swift; path = LoginViewController.swift; sourceTree = "<group>"; };
		24769F3F1E86C8C7002A7A54 /* Base */ = {isa = PBXFileReference; lastKnownFileType = file.storyboard; name = Base; path = Base.lproj/Main.storyboard; sourceTree = "<group>"; };
		24769F411E86C8C7002A7A54 /* Assets.xcassets */ = {isa = PBXFileReference; lastKnownFileType = folder.assetcatalog; path = Assets.xcassets; sourceTree = "<group>"; };
		24769F441E86C8C7002A7A54 /* Base */ = {isa = PBXFileReference; lastKnownFileType = file.storyboard; name = Base; path = Base.lproj/LaunchScreen.storyboard; sourceTree = "<group>"; };
		24769F461E86C8C7002A7A54 /* Info.plist */ = {isa = PBXFileReference; lastKnownFileType = text.plist.xml; path = Info.plist; sourceTree = "<group>"; };
		24769F4D1E86C9E0002A7A54 /* Alamofire.framework */ = {isa = PBXFileReference; lastKnownFileType = wrapper.framework; name = Alamofire.framework; path = Carthage/Build/iOS/Alamofire.framework; sourceTree = "<group>"; };
		24769F4E1E86C9E0002A7A54 /* SwiftyJSON.framework */ = {isa = PBXFileReference; lastKnownFileType = wrapper.framework; name = SwiftyJSON.framework; path = Carthage/Build/iOS/SwiftyJSON.framework; sourceTree = "<group>"; };
		24AEE42C1E8A48AA00AB03D9 /* TokenManager.swift */ = {isa = PBXFileReference; fileEncoding = 4; lastKnownFileType = sourcecode.swift; path = TokenManager.swift; sourceTree = "<group>"; };
		24B2E52B1E8983960060EC82 /* KeychainAccess.framework */ = {isa = PBXFileReference; lastKnownFileType = wrapper.framework; name = KeychainAccess.framework; path = Carthage/Build/iOS/KeychainAccess.framework; sourceTree = "<group>"; };
		24B2E52E1E8986B10060EC82 /* Service.swift */ = {isa = PBXFileReference; fileEncoding = 4; lastKnownFileType = sourcecode.swift; path = Service.swift; sourceTree = "<group>"; };
		24B2E5331E899E910060EC82 /* Model.swift */ = {isa = PBXFileReference; fileEncoding = 4; lastKnownFileType = sourcecode.swift; path = Model.swift; sourceTree = "<group>"; };
/* End PBXFileReference section */

/* Begin PBXFrameworksBuildPhase section */
		24769F341E86C8C7002A7A54 /* Frameworks */ = {
			isa = PBXFrameworksBuildPhase;
			buildActionMask = 2147483647;
			files = (
				24769F4F1E86C9E0002A7A54 /* Alamofire.framework in Frameworks */,
				24769F501E86C9E0002A7A54 /* SwiftyJSON.framework in Frameworks */,
				24B2E52C1E8983960060EC82 /* KeychainAccess.framework in Frameworks */,
			);
			runOnlyForDeploymentPostprocessing = 0;
		};
/* End PBXFrameworksBuildPhase section */

/* Begin PBXGroup section */
		2438F3361E88056F004B632A /* TabBar */ = {
			isa = PBXGroup;
			children = (
				2438F33E1E8806B8004B632A /* TabBarViewController.swift */,
				2438F3401E8806CB004B632A /* TabBar.storyboard */,
				2438F3421E8807B6004B632A /* ContactsNavigationController.swift */,
				2438F34C1E882420004B632A /* ContactsTableViewController.swift */,
				2438F3441E8807EF004B632A /* BookmarksViewController.swift */,
				2438F3461E880814004B632A /* FavoritesViewController.swift */,
				2438F34A1E880AD0004B632A /* SearchTableViewController.swift */,
			);
			name = TabBar;
			sourceTree = "<group>";
		};
		2438F3371E880578004B632A /* SlideMenu */ = {
			isa = PBXGroup;
			children = (
				2438F34E1E8825FD004B632A /* SlideMenuView.swift */,
				2438F3521E882651004B632A /* SlideMenuCell.swift */,
				2438F3501E88260D004B632A /* SlideMenuView.xib */,
			);
			name = SlideMenu;
			sourceTree = "<group>";
		};
		2438F3381E880584004B632A /* MenuItem */ = {
			isa = PBXGroup;
			children = (
				2438F3581E882978004B632A /* SlideMenu.storyboard */,
				2438F35E1E882C4F004B632A /* MemberViewController.swift */,
				2438F3601E882C63004B632A /* RegistrationViewController.swift */,
			);
			name = MenuItem;
			sourceTree = "<group>";
		};
		2438F3391E88059F004B632A /* Extension */ = {
			isa = PBXGroup;
			children = (
				2438F33A1E8805DA004B632A /* ViewControllerExtension.swift */,
			);
			name = Extension;
			sourceTree = "<group>";
		};
		24769F2E1E86C8C7002A7A54 = {
			isa = PBXGroup;
			children = (
				24769F391E86C8C7002A7A54 /* RestfulAPI-Example */,
				24769F4C1E86C9DF002A7A54 /* Frameworks */,
				24769F381E86C8C7002A7A54 /* Products */,
			);
			sourceTree = "<group>";
		};
		24769F381E86C8C7002A7A54 /* Products */ = {
			isa = PBXGroup;
			children = (
				24769F371E86C8C7002A7A54 /* RestfulAPI-Example.app */,
			);
			name = Products;
			sourceTree = "<group>";
		};
		24769F391E86C8C7002A7A54 /* RestfulAPI-Example */ = {
			isa = PBXGroup;
			children = (
				24AEE42E1E8A4E4C00AB03D9 /* Network */,
				2438F3391E88059F004B632A /* Extension */,
				2438F3381E880584004B632A /* MenuItem */,
				2438F3371E880578004B632A /* SlideMenu */,
				2438F3361E88056F004B632A /* TabBar */,
				24769F531E86CA35002A7A54 /* Others */,
				24769F3A1E86C8C7002A7A54 /* AppDelegate.swift */,
				24769F3C1E86C8C7002A7A54 /* LoginViewController.swift */,
				24769F3E1E86C8C7002A7A54 /* Main.storyboard */,
				24769F431E86C8C7002A7A54 /* LaunchScreen.storyboard */,
			);
			path = "RestfulAPI-Example";
			sourceTree = "<group>";
		};
		24769F4C1E86C9DF002A7A54 /* Frameworks */ = {
			isa = PBXGroup;
			children = (
				24B2E52B1E8983960060EC82 /* KeychainAccess.framework */,
				24769F4D1E86C9E0002A7A54 /* Alamofire.framework */,
				24769F4E1E86C9E0002A7A54 /* SwiftyJSON.framework */,
			);
			name = Frameworks;
			sourceTree = "<group>";
		};
		24769F531E86CA35002A7A54 /* Others */ = {
			isa = PBXGroup;
			children = (
				24769F411E86C8C7002A7A54 /* Assets.xcassets */,
				24769F461E86C8C7002A7A54 /* Info.plist */,
			);
			name = Others;
			sourceTree = "<group>";
		};
		24AEE42E1E8A4E4C00AB03D9 /* Network */ = {
			isa = PBXGroup;
			children = (
				24B2E52E1E8986B10060EC82 /* Service.swift */,
				24AEE42C1E8A48AA00AB03D9 /* TokenManager.swift */,
				24B2E5331E899E910060EC82 /* Model.swift */,
			);
			name = Network;
			sourceTree = "<group>";
		};
/* End PBXGroup section */

/* Begin PBXNativeTarget section */
		24769F361E86C8C7002A7A54 /* RestfulAPI-Example */ = {
			isa = PBXNativeTarget;
			buildConfigurationList = 24769F491E86C8C7002A7A54 /* Build configuration list for PBXNativeTarget "RestfulAPI-Example" */;
			buildPhases = (
				24769F331E86C8C7002A7A54 /* Sources */,
				24769F341E86C8C7002A7A54 /* Frameworks */,
				24769F351E86C8C7002A7A54 /* Resources */,
				24769F521E86C9FE002A7A54 /* ShellScript */,
			);
			buildRules = (
			);
			dependencies = (
			);
			name = "RestfulAPI-Example";
			productName = "RestfulAPI-Example";
			productReference = 24769F371E86C8C7002A7A54 /* RestfulAPI-Example.app */;
			productType = "com.apple.product-type.application";
		};
/* End PBXNativeTarget section */

/* Begin PBXProject section */
		24769F2F1E86C8C7002A7A54 /* Project object */ = {
			isa = PBXProject;
			attributes = {
				LastSwiftUpdateCheck = 0820;
				LastUpgradeCheck = 0820;
				ORGANIZATIONNAME = "Chun-Tang Wang";
				TargetAttributes = {
					24769F361E86C8C7002A7A54 = {
						CreatedOnToolsVersion = 8.2.1;
						DevelopmentTeam = U25QYW68AT;
						ProvisioningStyle = Automatic;
					};
				};
			};
			buildConfigurationList = 24769F321E86C8C7002A7A54 /* Build configuration list for PBXProject "RestfulAPI-Example" */;
			compatibilityVersion = "Xcode 3.2";
			developmentRegion = English;
			hasScannedForEncodings = 0;
			knownRegions = (
				en,
				Base,
			);
			mainGroup = 24769F2E1E86C8C7002A7A54;
			productRefGroup = 24769F381E86C8C7002A7A54 /* Products */;
			projectDirPath = "";
			projectRoot = "";
			targets = (
				24769F361E86C8C7002A7A54 /* RestfulAPI-Example */,
			);
		};
/* End PBXProject section */

/* Begin PBXResourcesBuildPhase section */
		24769F351E86C8C7002A7A54 /* Resources */ = {
			isa = PBXResourcesBuildPhase;
			buildActionMask = 2147483647;
			files = (
				2438F3411E8806CB004B632A /* TabBar.storyboard in Resources */,
				2438F3591E882978004B632A /* SlideMenu.storyboard in Resources */,
				24769F451E86C8C7002A7A54 /* LaunchScreen.storyboard in Resources */,
				24769F421E86C8C7002A7A54 /* Assets.xcassets in Resources */,
				2438F3511E88260D004B632A /* SlideMenuView.xib in Resources */,
				24769F401E86C8C7002A7A54 /* Main.storyboard in Resources */,
			);
			runOnlyForDeploymentPostprocessing = 0;
		};
/* End PBXResourcesBuildPhase section */

/* Begin PBXShellScriptBuildPhase section */
		24769F521E86C9FE002A7A54 /* ShellScript */ = {
			isa = PBXShellScriptBuildPhase;
			buildActionMask = 2147483647;
			files = (
			);
			inputPaths = (
				"$(SRCROOT)/Carthage/Build/iOS/SwiftyJSON.framework",
				"$(SRCROOT)/Carthage/Build/iOS/Alamofire.framework",
				"$(SRCROOT)/Carthage/Build/iOS/KeychainAccess.framework",
			);
			outputPaths = (
			);
			runOnlyForDeploymentPostprocessing = 0;
			shellPath = /bin/sh;
			shellScript = "/usr/local/bin/carthage copy-frameworks";
		};
/* End PBXShellScriptBuildPhase section */

/* Begin PBXSourcesBuildPhase section */
		24769F331E86C8C7002A7A54 /* Sources */ = {
			isa = PBXSourcesBuildPhase;
			buildActionMask = 2147483647;
			files = (
				2438F3451E8807EF004B632A /* BookmarksViewController.swift in Sources */,
				2438F33F1E8806B8004B632A /* TabBarViewController.swift in Sources */,
				2438F3471E880814004B632A /* FavoritesViewController.swift in Sources */,
				24B2E52F1E8986B10060EC82 /* Service.swift in Sources */,
				24B2E5341E899E910060EC82 /* Model.swift in Sources */,
				24769F3D1E86C8C7002A7A54 /* LoginViewController.swift in Sources */,
				2438F3611E882C63004B632A /* RegistrationViewController.swift in Sources */,
				24769F3B1E86C8C7002A7A54 /* AppDelegate.swift in Sources */,
				2438F33B1E8805DA004B632A /* ViewControllerExtension.swift in Sources */,
				24AEE42D1E8A48AA00AB03D9 /* TokenManager.swift in Sources */,
				2438F3431E8807B6004B632A /* ContactsNavigationController.swift in Sources */,
				2438F34F1E8825FD004B632A /* SlideMenuView.swift in Sources */,
				2438F3531E882651004B632A /* SlideMenuCell.swift in Sources */,
				2438F34B1E880AD0004B632A /* SearchTableViewController.swift in Sources */,
				2438F34D1E882420004B632A /* ContactsTableViewController.swift in Sources */,
				2438F35F1E882C4F004B632A /* MemberViewController.swift in Sources */,
			);
			runOnlyForDeploymentPostprocessing = 0;
		};
/* End PBXSourcesBuildPhase section */

/* Begin PBXVariantGroup section */
		24769F3E1E86C8C7002A7A54 /* Main.storyboard */ = {
			isa = PBXVariantGroup;
			children = (
				24769F3F1E86C8C7002A7A54 /* Base */,
			);
			name = Main.storyboard;
			sourceTree = "<group>";
		};
		24769F431E86C8C7002A7A54 /* LaunchScreen.storyboard */ = {
			isa = PBXVariantGroup;
			children = (
				24769F441E86C8C7002A7A54 /* Base */,
			);
			name = LaunchScreen.storyboard;
			sourceTree = "<group>";
		};
/* End PBXVariantGroup section */

/* Begin XCBuildConfiguration section */
		24769F471E86C8C7002A7A54 /* Debug */ = {
			isa = XCBuildConfiguration;
			buildSettings = {
				ALWAYS_SEARCH_USER_PATHS = NO;
				CLANG_ANALYZER_NONNULL = YES;
				CLANG_CXX_LANGUAGE_STANDARD = "gnu++0x";
				CLANG_CXX_LIBRARY = "libc++";
				CLANG_ENABLE_MODULES = YES;
				CLANG_ENABLE_OBJC_ARC = YES;
				CLANG_WARN_BOOL_CONVERSION = YES;
				CLANG_WARN_CONSTANT_CONVERSION = YES;
				CLANG_WARN_DIRECT_OBJC_ISA_USAGE = YES_ERROR;
				CLANG_WARN_DOCUMENTATION_COMMENTS = YES;
				CLANG_WARN_EMPTY_BODY = YES;
				CLANG_WARN_ENUM_CONVERSION = YES;
				CLANG_WARN_INFINITE_RECURSION = YES;
				CLANG_WARN_INT_CONVERSION = YES;
				CLANG_WARN_OBJC_ROOT_CLASS = YES_ERROR;
				CLANG_WARN_SUSPICIOUS_MOVE = YES;
				CLANG_WARN_UNREACHABLE_CODE = YES;
				CLANG_WARN__DUPLICATE_METHOD_MATCH = YES;
				"CODE_SIGN_IDENTITY[sdk=iphoneos*]" = "iPhone Developer";
				COPY_PHASE_STRIP = NO;
				DEBUG_INFORMATION_FORMAT = dwarf;
				ENABLE_STRICT_OBJC_MSGSEND = YES;
				ENABLE_TESTABILITY = YES;
				GCC_C_LANGUAGE_STANDARD = gnu99;
				GCC_DYNAMIC_NO_PIC = NO;
				GCC_NO_COMMON_BLOCKS = YES;
				GCC_OPTIMIZATION_LEVEL = 0;
				GCC_PREPROCESSOR_DEFINITIONS = (
					"DEBUG=1",
					"$(inherited)",
				);
				GCC_WARN_64_TO_32_BIT_CONVERSION = YES;
				GCC_WARN_ABOUT_RETURN_TYPE = YES_ERROR;
				GCC_WARN_UNDECLARED_SELECTOR = YES;
				GCC_WARN_UNINITIALIZED_AUTOS = YES_AGGRESSIVE;
				GCC_WARN_UNUSED_FUNCTION = YES;
				GCC_WARN_UNUSED_VARIABLE = YES;
				IPHONEOS_DEPLOYMENT_TARGET = 10.2;
				MTL_ENABLE_DEBUG_INFO = YES;
				ONLY_ACTIVE_ARCH = YES;
				SDKROOT = iphoneos;
				SWIFT_ACTIVE_COMPILATION_CONDITIONS = DEBUG;
				SWIFT_OPTIMIZATION_LEVEL = "-Onone";
			};
			name = Debug;
		};
		24769F481E86C8C7002A7A54 /* Release */ = {
			isa = XCBuildConfiguration;
			buildSettings = {
				ALWAYS_SEARCH_USER_PATHS = NO;
				CLANG_ANALYZER_NONNULL = YES;
				CLANG_CXX_LANGUAGE_STANDARD = "gnu++0x";
				CLANG_CXX_LIBRARY = "libc++";
				CLANG_ENABLE_MODULES = YES;
				CLANG_ENABLE_OBJC_ARC = YES;
				CLANG_WARN_BOOL_CONVERSION = YES;
				CLANG_WARN_CONSTANT_CONVERSION = YES;
				CLANG_WARN_DIRECT_OBJC_ISA_USAGE = YES_ERROR;
				CLANG_WARN_DOCUMENTATION_COMMENTS = YES;
				CLANG_WARN_EMPTY_BODY = YES;
				CLANG_WARN_ENUM_CONVERSION = YES;
				CLANG_WARN_INFINITE_RECURSION = YES;
				CLANG_WARN_INT_CONVERSION = YES;
				CLANG_WARN_OBJC_ROOT_CLASS = YES_ERROR;
				CLANG_WARN_SUSPICIOUS_MOVE = YES;
				CLANG_WARN_UNREACHABLE_CODE = YES;
				CLANG_WARN__DUPLICATE_METHOD_MATCH = YES;
				"CODE_SIGN_IDENTITY[sdk=iphoneos*]" = "iPhone Developer";
				COPY_PHASE_STRIP = NO;
				DEBUG_INFORMATION_FORMAT = "dwarf-with-dsym";
				ENABLE_NS_ASSERTIONS = NO;
				ENABLE_STRICT_OBJC_MSGSEND = YES;
				GCC_C_LANGUAGE_STANDARD = gnu99;
				GCC_NO_COMMON_BLOCKS = YES;
				GCC_WARN_64_TO_32_BIT_CONVERSION = YES;
				GCC_WARN_ABOUT_RETURN_TYPE = YES_ERROR;
				GCC_WARN_UNDECLARED_SELECTOR = YES;
				GCC_WARN_UNINITIALIZED_AUTOS = YES_AGGRESSIVE;
				GCC_WARN_UNUSED_FUNCTION = YES;
				GCC_WARN_UNUSED_VARIABLE = YES;
				IPHONEOS_DEPLOYMENT_TARGET = 10.2;
				MTL_ENABLE_DEBUG_INFO = NO;
				SDKROOT = iphoneos;
				SWIFT_OPTIMIZATION_LEVEL = "-Owholemodule";
				VALIDATE_PRODUCT = YES;
			};
			name = Release;
		};
		24769F4A1E86C8C7002A7A54 /* Debug */ = {
			isa = XCBuildConfiguration;
			buildSettings = {
				ASSETCATALOG_COMPILER_APPICON_NAME = AppIcon;
				DEVELOPMENT_TEAM = U25QYW68AT;
				FRAMEWORK_SEARCH_PATHS = (
					"$(inherited)",
					"$(PROJECT_DIR)/Carthage/Build/iOS",
				);
				INFOPLIST_FILE = "RestfulAPI-Example/Info.plist";
				IPHONEOS_DEPLOYMENT_TARGET = 9.0;
				LD_RUNPATH_SEARCH_PATHS = "$(inherited) @executable_path/Frameworks";
				PRODUCT_BUNDLE_IDENTIFIER = "com.chuntangwang.RestfulAPI-Example";
				PRODUCT_NAME = "$(TARGET_NAME)";
				SWIFT_VERSION = 3.0;
			};
			name = Debug;
		};
		24769F4B1E86C8C7002A7A54 /* Release */ = {
			isa = XCBuildConfiguration;
			buildSettings = {
				ASSETCATALOG_COMPILER_APPICON_NAME = AppIcon;
				DEVELOPMENT_TEAM = U25QYW68AT;
				FRAMEWORK_SEARCH_PATHS = (
					"$(inherited)",
					"$(PROJECT_DIR)/Carthage/Build/iOS",
				);
				INFOPLIST_FILE = "RestfulAPI-Example/Info.plist";
				IPHONEOS_DEPLOYMENT_TARGET = 9.0;
				LD_RUNPATH_SEARCH_PATHS = "$(inherited) @executable_path/Frameworks";
				PRODUCT_BUNDLE_IDENTIFIER = "com.chuntangwang.RestfulAPI-Example";
				PRODUCT_NAME = "$(TARGET_NAME)";
				SWIFT_VERSION = 3.0;
			};
			name = Release;
		};
/* End XCBuildConfiguration section */

/* Begin XCConfigurationList section */
		24769F321E86C8C7002A7A54 /* Build configuration list for PBXProject "RestfulAPI-Example" */ = {
			isa = XCConfigurationList;
			buildConfigurations = (
				24769F471E86C8C7002A7A54 /* Debug */,
				24769F481E86C8C7002A7A54 /* Release */,
			);
			defaultConfigurationIsVisible = 0;
			defaultConfigurationName = Release;
		};
		24769F491E86C8C7002A7A54 /* Build configuration list for PBXNativeTarget "RestfulAPI-Example" */ = {
			isa = XCConfigurationList;
			buildConfigurations = (
				24769F4A1E86C8C7002A7A54 /* Debug */,
				24769F4B1E86C8C7002A7A54 /* Release */,
			);
			defaultConfigurationIsVisible = 0;
			defaultConfigurationName = Release;
		};
/* End XCConfigurationList section */
	};
	rootObject = 24769F2F1E86C8C7002A7A54 /* Project object */;
}
